
Microsoft Visual Studio Solution File, Format Version 12.00
Project("{FAE04EC0-301F-11D3-BF4B-00C04F79EFBC}") = "MedTheMediator", "MedTheMediator\MedTheMediator.csproj", "{0BCDB130-586D-4B3F-952E-5B6709BFCEBD}"
EndProject
Global
	GlobalSection(SolutionConfigurationPlatforms) = preSolution
		Debug|Any CPU = Debug|Any CPU
		Release|Any CPU = Release|Any CPU
	EndGlobalSection
	GlobalSection(ProjectConfigurationPlatforms) = postSolution
		{0BCDB130-586D-4B3F-952E-5B6709BFCEBD}.Debug|Any CPU.ActiveCfg = Debug|Any CPU
		{0BCDB130-586D-4B3F-952E-5B6709BFCEBD}.Debug|Any CPU.Build.0 = Debug|Any CPU
		{0BCDB130-586D-4B3F-952E-5B6709BFCEBD}.Release|Any CPU.ActiveCfg = Release|Any CPU
		{0BCDB130-586D-4B3F-952E-5B6709BFCEBD}.Release|Any CPU.Build.0 = Release|Any CPU
	EndGlobalSection
EndGlobal
